
Microsoft Visual Studio Solution File, Format Version 12.00
# Visual Studio Version 17
VisualStudioVersion = 17.3.32929.385
MinimumVisualStudioVersion = 10.0.40219.1
Project("{9A19103F-16F7-4668-BE54-9A1E7A4F7556}") = "TraingAssistantDAL", "TraingAssistant\TraingAssistantDAL.csproj", "{668588D5-1320-40F6-BBD2-0CE34192A01B}"
EndProject
Project("{9A19103F-16F7-4668-BE54-9A1E7A4F7556}") = "TrainingAssistantUI", "TrainingAssistantUI\TrainingAssistantUI.csproj", "{24DD633A-452D-42FE-BECC-9EF71975A540}"
EndProject
Project("{9A19103F-16F7-4668-BE54-9A1E7A4F7556}") = "TrainingAssistantBLL", "TrainingAssistantBLL\TrainingAssistantBLL.csproj", "{57657CB9-5B26-4F43-9254-A9E4BF2130E7}"
	ProjectSection(ProjectDependencies) = postProject
		{24DD633A-452D-42FE-BECC-9EF71975A540} = {24DD633A-452D-42FE-BECC-9EF71975A540}
	EndProjectSection
EndProject
Project("{FAE04EC0-301F-11D3-BF4B-00C04F79EFBC}") = "TrainingAssistantBOL", "TrainingAssistantBOL\TrainingAssistantBOL.csproj", "{F796622B-9406-4F9B-9C89-A6D5802350C1}"
EndProject
Global
	GlobalSection(SolutionConfigurationPlatforms) = preSolution
		Debug|Any CPU = Debug|Any CPU
		Release|Any CPU = Release|Any CPU
	EndGlobalSection
	GlobalSection(ProjectConfigurationPlatforms) = postSolution
		{668588D5-1320-40F6-BBD2-0CE34192A01B}.Debug|Any CPU.ActiveCfg = Debug|Any CPU
		{668588D5-1320-40F6-BBD2-0CE34192A01B}.Debug|Any CPU.Build.0 = Debug|Any CPU
		{668588D5-1320-40F6-BBD2-0CE34192A01B}.Release|Any CPU.ActiveCfg = Release|Any CPU
		{668588D5-1320-40F6-BBD2-0CE34192A01B}.Release|Any CPU.Build.0 = Release|Any CPU
		{24DD633A-452D-42FE-BECC-9EF71975A540}.Debug|Any CPU.ActiveCfg = Debug|Any CPU
		{24DD633A-452D-42FE-BECC-9EF71975A540}.Debug|Any CPU.Build.0 = Debug|Any CPU
		{24DD633A-452D-42FE-BECC-9EF71975A540}.Release|Any CPU.ActiveCfg = Release|Any CPU
		{24DD633A-452D-42FE-BECC-9EF71975A540}.Release|Any CPU.Build.0 = Release|Any CPU
		{57657CB9-5B26-4F43-9254-A9E4BF2130E7}.Debug|Any CPU.ActiveCfg = Debug|Any CPU
		{57657CB9-5B26-4F43-9254-A9E4BF2130E7}.Debug|Any CPU.Build.0 = Debug|Any CPU
		{57657CB9-5B26-4F43-9254-A9E4BF2130E7}.Release|Any CPU.ActiveCfg = Release|Any CPU
		{57657CB9-5B26-4F43-9254-A9E4BF2130E7}.Release|Any CPU.Build.0 = Release|Any CPU
		{F796622B-9406-4F9B-9C89-A6D5802350C1}.Debug|Any CPU.ActiveCfg = Debug|Any CPU
		{F796622B-9406-4F9B-9C89-A6D5802350C1}.Debug|Any CPU.Build.0 = Debug|Any CPU
		{F796622B-9406-4F9B-9C89-A6D5802350C1}.Release|Any CPU.ActiveCfg = Release|Any CPU
		{F796622B-9406-4F9B-9C89-A6D5802350C1}.Release|Any CPU.Build.0 = Release|Any CPU
	EndGlobalSection
	GlobalSection(SolutionProperties) = preSolution
		HideSolutionNode = FALSE
	EndGlobalSection
	GlobalSection(ExtensibilityGlobals) = postSolution
		SolutionGuid = {448AB7B1-D02E-4B43-A45C-9D2C7128C70E}
	EndGlobalSection
EndGlobal
