
Microsoft Visual Studio Solution File, Format Version 12.00
# Visual Studio Version 17
VisualStudioVersion = 17.3.32929.385
MinimumVisualStudioVersion = 10.0.40219.1
Project("{FAE04EC0-301F-11D3-BF4B-00C04F79EFBC}") = "TrainingAssistant", "TrainingAssistant\TrainingAssistant.csproj", "{DDE99FC1-93B0-4265-A51D-E7162E22FE6D}"
EndProject
Global
	GlobalSection(SolutionConfigurationPlatforms) = preSolution
		Debug|Any CPU = Debug|Any CPU
		Release|Any CPU = Release|Any CPU
	EndGlobalSection
	GlobalSection(ProjectConfigurationPlatforms) = postSolution
		{DDE99FC1-93B0-4265-A51D-E7162E22FE6D}.Debug|Any CPU.ActiveCfg = Debug|Any CPU
		{DDE99FC1-93B0-4265-A51D-E7162E22FE6D}.Debug|Any CPU.Build.0 = Debug|Any CPU
		{DDE99FC1-93B0-4265-A51D-E7162E22FE6D}.Release|Any CPU.ActiveCfg = Release|Any CPU
		{DDE99FC1-93B0-4265-A51D-E7162E22FE6D}.Release|Any CPU.Build.0 = Release|Any CPU
	EndGlobalSection
	GlobalSection(SolutionProperties) = preSolution
		HideSolutionNode = FALSE
	EndGlobalSection
	GlobalSection(ExtensibilityGlobals) = postSolution
		SolutionGuid = {C8CB05F9-3179-4324-A413-009495BB1738}
	EndGlobalSection
EndGlobal
